
Microsoft Visual Studio Solution File, Format Version 12.00
# Visual Studio 15
VisualStudioVersion = 15.0.26124.0
MinimumVisualStudioVersion = 15.0.26124.0
Project("{FAE04EC0-301F-11D3-BF4B-00C04F79EFBC}") = "cilib", "cilib\cilib.csproj", "{F2AC4CCA-2338-4571-8DDA-5A90F7ED5CED}"
EndProject
Project("{FAE04EC0-301F-11D3-BF4B-00C04F79EFBC}") = "ciexe", "ciexe\ciexe.csproj", "{4D804E65-3C6A-476F-BC2F-DD4B0EC89A05}"
EndProject
Project("{FAE04EC0-301F-11D3-BF4B-00C04F79EFBC}") = "citest", "citest\citest.csproj", "{FA21C29B-C0EC-4F80-B57B-60BA92056EF0}"
EndProject
Global
	GlobalSection(SolutionConfigurationPlatforms) = preSolution
		Debug|Any CPU = Debug|Any CPU
		Debug|x64 = Debug|x64
		Debug|x86 = Debug|x86
		Release|Any CPU = Release|Any CPU
		Release|x64 = Release|x64
		Release|x86 = Release|x86
	EndGlobalSection
	GlobalSection(SolutionProperties) = preSolution
		HideSolutionNode = FALSE
	EndGlobalSection
	GlobalSection(ProjectConfigurationPlatforms) = postSolution
		{F2AC4CCA-2338-4571-8DDA-5A90F7ED5CED}.Debug|Any CPU.ActiveCfg = Debug|Any CPU
		{F2AC4CCA-2338-4571-8DDA-5A90F7ED5CED}.Debug|Any CPU.Build.0 = Debug|Any CPU
		{F2AC4CCA-2338-4571-8DDA-5A90F7ED5CED}.Debug|x64.ActiveCfg = Debug|x64
		{F2AC4CCA-2338-4571-8DDA-5A90F7ED5CED}.Debug|x64.Build.0 = Debug|x64
		{F2AC4CCA-2338-4571-8DDA-5A90F7ED5CED}.Debug|x86.ActiveCfg = Debug|x86
		{F2AC4CCA-2338-4571-8DDA-5A90F7ED5CED}.Debug|x86.Build.0 = Debug|x86
		{F2AC4CCA-2338-4571-8DDA-5A90F7ED5CED}.Release|Any CPU.ActiveCfg = Release|Any CPU
		{F2AC4CCA-2338-4571-8DDA-5A90F7ED5CED}.Release|Any CPU.Build.0 = Release|Any CPU
		{F2AC4CCA-2338-4571-8DDA-5A90F7ED5CED}.Release|x64.ActiveCfg = Release|x64
		{F2AC4CCA-2338-4571-8DDA-5A90F7ED5CED}.Release|x64.Build.0 = Release|x64
		{F2AC4CCA-2338-4571-8DDA-5A90F7ED5CED}.Release|x86.ActiveCfg = Release|x86
		{F2AC4CCA-2338-4571-8DDA-5A90F7ED5CED}.Release|x86.Build.0 = Release|x86
		{4D804E65-3C6A-476F-BC2F-DD4B0EC89A05}.Debug|Any CPU.ActiveCfg = Debug|Any CPU
		{4D804E65-3C6A-476F-BC2F-DD4B0EC89A05}.Debug|Any CPU.Build.0 = Debug|Any CPU
		{4D804E65-3C6A-476F-BC2F-DD4B0EC89A05}.Debug|x64.ActiveCfg = Debug|x64
		{4D804E65-3C6A-476F-BC2F-DD4B0EC89A05}.Debug|x64.Build.0 = Debug|x64
		{4D804E65-3C6A-476F-BC2F-DD4B0EC89A05}.Debug|x86.ActiveCfg = Debug|x86
		{4D804E65-3C6A-476F-BC2F-DD4B0EC89A05}.Debug|x86.Build.0 = Debug|x86
		{4D804E65-3C6A-476F-BC2F-DD4B0EC89A05}.Release|Any CPU.ActiveCfg = Release|Any CPU
		{4D804E65-3C6A-476F-BC2F-DD4B0EC89A05}.Release|Any CPU.Build.0 = Release|Any CPU
		{4D804E65-3C6A-476F-BC2F-DD4B0EC89A05}.Release|x64.ActiveCfg = Release|x64
		{4D804E65-3C6A-476F-BC2F-DD4B0EC89A05}.Release|x64.Build.0 = Release|x64
		{4D804E65-3C6A-476F-BC2F-DD4B0EC89A05}.Release|x86.ActiveCfg = Release|x86
		{4D804E65-3C6A-476F-BC2F-DD4B0EC89A05}.Release|x86.Build.0 = Release|x86
		{FA21C29B-C0EC-4F80-B57B-60BA92056EF0}.Debug|Any CPU.ActiveCfg = Debug|Any CPU
		{FA21C29B-C0EC-4F80-B57B-60BA92056EF0}.Debug|Any CPU.Build.0 = Debug|Any CPU
		{FA21C29B-C0EC-4F80-B57B-60BA92056EF0}.Debug|x64.ActiveCfg = Debug|x64
		{FA21C29B-C0EC-4F80-B57B-60BA92056EF0}.Debug|x64.Build.0 = Debug|x64
		{FA21C29B-C0EC-4F80-B57B-60BA92056EF0}.Debug|x86.ActiveCfg = Debug|x86
		{FA21C29B-C0EC-4F80-B57B-60BA92056EF0}.Debug|x86.Build.0 = Debug|x86
		{FA21C29B-C0EC-4F80-B57B-60BA92056EF0}.Release|Any CPU.ActiveCfg = Release|Any CPU
		{FA21C29B-C0EC-4F80-B57B-60BA92056EF0}.Release|Any CPU.Build.0 = Release|Any CPU
		{FA21C29B-C0EC-4F80-B57B-60BA92056EF0}.Release|x64.ActiveCfg = Release|x64
		{FA21C29B-C0EC-4F80-B57B-60BA92056EF0}.Release|x64.Build.0 = Release|x64
		{FA21C29B-C0EC-4F80-B57B-60BA92056EF0}.Release|x86.ActiveCfg = Release|x86
		{FA21C29B-C0EC-4F80-B57B-60BA92056EF0}.Release|x86.Build.0 = Release|x86
	EndGlobalSection
EndGlobal
