
Microsoft Visual Studio Solution File, Format Version 12.00
# Visual Studio 15
VisualStudioVersion = 15.0.26124.0
MinimumVisualStudioVersion = 15.0.26124.0
Project("{FAE04EC0-301F-11D3-BF4B-00C04F79EFBC}") = "cilib", "cilib\cilib.csproj", "{F2AC4CCA-2338-4571-8DDA-5A90F7ED5CED}"
EndProject
Project("{FAE04EC0-301F-11D3-BF4B-00C04F79EFBC}") = "ciexe", "ciexe\ciexe.csproj", "{4D804E65-3C6A-476F-BC2F-DD4B0EC89A05}"
EndProject
Project("{FAE04EC0-301F-11D3-BF4B-00C04F79EFBC}") = "citest", "citest\citest.csproj", "{FA21C29B-C0EC-4F80-B57B-60BA92056EF0}"
EndProject
Project("{FAE04EC0-301F-11D3-BF4B-00C04F79EFBC}") = "ciexetest", "ciexetest\ciexetest.csproj", "{517B4BF0-C843-4986-975C-8C2C0E1C186B}"
EndProject
Project("{FAE04EC0-301F-11D3-BF4B-00C04F79EFBC}") = "ciinfra", "ciinfra\ciinfra.csproj", "{428D892A-F926-4653-8B82-72781CDD7E93}"
EndProject
Project("{FAE04EC0-301F-11D3-BF4B-00C04F79EFBC}") = "cisystem", "cisystem\cisystem.csproj", "{3D829865-1A28-4F18-86B2-7355BB089788}"
EndProject
Project("{FAE04EC0-301F-11D3-BF4B-00C04F79EFBC}") = "ciexecommands", "ciexecommands\ciexecommands.csproj", "{95ABBF1B-8044-4C90-AA3B-9D920974F14B}"
EndProject
Project("{FAE04EC0-301F-11D3-BF4B-00C04F79EFBC}") = "citools", "citools\citools.csproj", "{A5023D3D-4C54-44E9-BBD6-0FDE73075ECE}"
EndProject
Project("{FAE04EC0-301F-11D3-BF4B-00C04F79EFBC}") = "cicli", "cicli\cicli.csproj", "{1667550F-A95A-46E6-839C-6917F357385E}"
EndProject
Project("{FAE04EC0-301F-11D3-BF4B-00C04F79EFBC}") = "ciinit", "ciinit\ciinit.csproj", "{6FCD26F8-64F1-4316-8989-EBFFC0FA61E7}"
EndProject
Global
	GlobalSection(SolutionConfigurationPlatforms) = preSolution
		Debug|Any CPU = Debug|Any CPU
		Debug|x64 = Debug|x64
		Debug|x86 = Debug|x86
		Release|Any CPU = Release|Any CPU
		Release|x64 = Release|x64
		Release|x86 = Release|x86
	EndGlobalSection
	GlobalSection(SolutionProperties) = preSolution
		HideSolutionNode = FALSE
	EndGlobalSection
	GlobalSection(ProjectConfigurationPlatforms) = postSolution
		{F2AC4CCA-2338-4571-8DDA-5A90F7ED5CED}.Debug|Any CPU.ActiveCfg = Debug|Any CPU
		{F2AC4CCA-2338-4571-8DDA-5A90F7ED5CED}.Debug|Any CPU.Build.0 = Debug|Any CPU
		{F2AC4CCA-2338-4571-8DDA-5A90F7ED5CED}.Debug|x64.ActiveCfg = Debug|x64
		{F2AC4CCA-2338-4571-8DDA-5A90F7ED5CED}.Debug|x64.Build.0 = Debug|x64
		{F2AC4CCA-2338-4571-8DDA-5A90F7ED5CED}.Debug|x86.ActiveCfg = Debug|x86
		{F2AC4CCA-2338-4571-8DDA-5A90F7ED5CED}.Debug|x86.Build.0 = Debug|x86
		{F2AC4CCA-2338-4571-8DDA-5A90F7ED5CED}.Release|Any CPU.ActiveCfg = Release|Any CPU
		{F2AC4CCA-2338-4571-8DDA-5A90F7ED5CED}.Release|Any CPU.Build.0 = Release|Any CPU
		{F2AC4CCA-2338-4571-8DDA-5A90F7ED5CED}.Release|x64.ActiveCfg = Release|x64
		{F2AC4CCA-2338-4571-8DDA-5A90F7ED5CED}.Release|x64.Build.0 = Release|x64
		{F2AC4CCA-2338-4571-8DDA-5A90F7ED5CED}.Release|x86.ActiveCfg = Release|x86
		{F2AC4CCA-2338-4571-8DDA-5A90F7ED5CED}.Release|x86.Build.0 = Release|x86
		{4D804E65-3C6A-476F-BC2F-DD4B0EC89A05}.Debug|Any CPU.ActiveCfg = Debug|Any CPU
		{4D804E65-3C6A-476F-BC2F-DD4B0EC89A05}.Debug|Any CPU.Build.0 = Debug|Any CPU
		{4D804E65-3C6A-476F-BC2F-DD4B0EC89A05}.Debug|x64.ActiveCfg = Debug|x64
		{4D804E65-3C6A-476F-BC2F-DD4B0EC89A05}.Debug|x64.Build.0 = Debug|x64
		{4D804E65-3C6A-476F-BC2F-DD4B0EC89A05}.Debug|x86.ActiveCfg = Debug|x86
		{4D804E65-3C6A-476F-BC2F-DD4B0EC89A05}.Debug|x86.Build.0 = Debug|x86
		{4D804E65-3C6A-476F-BC2F-DD4B0EC89A05}.Release|Any CPU.ActiveCfg = Release|Any CPU
		{4D804E65-3C6A-476F-BC2F-DD4B0EC89A05}.Release|Any CPU.Build.0 = Release|Any CPU
		{4D804E65-3C6A-476F-BC2F-DD4B0EC89A05}.Release|x64.ActiveCfg = Release|x64
		{4D804E65-3C6A-476F-BC2F-DD4B0EC89A05}.Release|x64.Build.0 = Release|x64
		{4D804E65-3C6A-476F-BC2F-DD4B0EC89A05}.Release|x86.ActiveCfg = Release|x86
		{4D804E65-3C6A-476F-BC2F-DD4B0EC89A05}.Release|x86.Build.0 = Release|x86
		{FA21C29B-C0EC-4F80-B57B-60BA92056EF0}.Debug|Any CPU.ActiveCfg = Debug|Any CPU
		{FA21C29B-C0EC-4F80-B57B-60BA92056EF0}.Debug|Any CPU.Build.0 = Debug|Any CPU
		{FA21C29B-C0EC-4F80-B57B-60BA92056EF0}.Debug|x64.ActiveCfg = Debug|x64
		{FA21C29B-C0EC-4F80-B57B-60BA92056EF0}.Debug|x64.Build.0 = Debug|x64
		{FA21C29B-C0EC-4F80-B57B-60BA92056EF0}.Debug|x86.ActiveCfg = Debug|x86
		{FA21C29B-C0EC-4F80-B57B-60BA92056EF0}.Debug|x86.Build.0 = Debug|x86
		{FA21C29B-C0EC-4F80-B57B-60BA92056EF0}.Release|Any CPU.ActiveCfg = Release|Any CPU
		{FA21C29B-C0EC-4F80-B57B-60BA92056EF0}.Release|Any CPU.Build.0 = Release|Any CPU
		{FA21C29B-C0EC-4F80-B57B-60BA92056EF0}.Release|x64.ActiveCfg = Release|x64
		{FA21C29B-C0EC-4F80-B57B-60BA92056EF0}.Release|x64.Build.0 = Release|x64
		{FA21C29B-C0EC-4F80-B57B-60BA92056EF0}.Release|x86.ActiveCfg = Release|x86
		{FA21C29B-C0EC-4F80-B57B-60BA92056EF0}.Release|x86.Build.0 = Release|x86
		{517B4BF0-C843-4986-975C-8C2C0E1C186B}.Debug|Any CPU.ActiveCfg = Debug|Any CPU
		{517B4BF0-C843-4986-975C-8C2C0E1C186B}.Debug|Any CPU.Build.0 = Debug|Any CPU
		{517B4BF0-C843-4986-975C-8C2C0E1C186B}.Debug|x64.ActiveCfg = Debug|x64
		{517B4BF0-C843-4986-975C-8C2C0E1C186B}.Debug|x64.Build.0 = Debug|x64
		{517B4BF0-C843-4986-975C-8C2C0E1C186B}.Debug|x86.ActiveCfg = Debug|x86
		{517B4BF0-C843-4986-975C-8C2C0E1C186B}.Debug|x86.Build.0 = Debug|x86
		{517B4BF0-C843-4986-975C-8C2C0E1C186B}.Release|Any CPU.ActiveCfg = Release|Any CPU
		{517B4BF0-C843-4986-975C-8C2C0E1C186B}.Release|Any CPU.Build.0 = Release|Any CPU
		{517B4BF0-C843-4986-975C-8C2C0E1C186B}.Release|x64.ActiveCfg = Release|x64
		{517B4BF0-C843-4986-975C-8C2C0E1C186B}.Release|x64.Build.0 = Release|x64
		{517B4BF0-C843-4986-975C-8C2C0E1C186B}.Release|x86.ActiveCfg = Release|x86
		{517B4BF0-C843-4986-975C-8C2C0E1C186B}.Release|x86.Build.0 = Release|x86
		{428D892A-F926-4653-8B82-72781CDD7E93}.Debug|Any CPU.ActiveCfg = Debug|Any CPU
		{428D892A-F926-4653-8B82-72781CDD7E93}.Debug|Any CPU.Build.0 = Debug|Any CPU
		{428D892A-F926-4653-8B82-72781CDD7E93}.Debug|x64.ActiveCfg = Debug|x64
		{428D892A-F926-4653-8B82-72781CDD7E93}.Debug|x64.Build.0 = Debug|x64
		{428D892A-F926-4653-8B82-72781CDD7E93}.Debug|x86.ActiveCfg = Debug|x86
		{428D892A-F926-4653-8B82-72781CDD7E93}.Debug|x86.Build.0 = Debug|x86
		{428D892A-F926-4653-8B82-72781CDD7E93}.Release|Any CPU.ActiveCfg = Release|Any CPU
		{428D892A-F926-4653-8B82-72781CDD7E93}.Release|Any CPU.Build.0 = Release|Any CPU
		{428D892A-F926-4653-8B82-72781CDD7E93}.Release|x64.ActiveCfg = Release|x64
		{428D892A-F926-4653-8B82-72781CDD7E93}.Release|x64.Build.0 = Release|x64
		{428D892A-F926-4653-8B82-72781CDD7E93}.Release|x86.ActiveCfg = Release|x86
		{428D892A-F926-4653-8B82-72781CDD7E93}.Release|x86.Build.0 = Release|x86
		{3D829865-1A28-4F18-86B2-7355BB089788}.Debug|Any CPU.ActiveCfg = Debug|Any CPU
		{3D829865-1A28-4F18-86B2-7355BB089788}.Debug|Any CPU.Build.0 = Debug|Any CPU
		{3D829865-1A28-4F18-86B2-7355BB089788}.Debug|x64.ActiveCfg = Debug|x64
		{3D829865-1A28-4F18-86B2-7355BB089788}.Debug|x64.Build.0 = Debug|x64
		{3D829865-1A28-4F18-86B2-7355BB089788}.Debug|x86.ActiveCfg = Debug|x86
		{3D829865-1A28-4F18-86B2-7355BB089788}.Debug|x86.Build.0 = Debug|x86
		{3D829865-1A28-4F18-86B2-7355BB089788}.Release|Any CPU.ActiveCfg = Release|Any CPU
		{3D829865-1A28-4F18-86B2-7355BB089788}.Release|Any CPU.Build.0 = Release|Any CPU
		{3D829865-1A28-4F18-86B2-7355BB089788}.Release|x64.ActiveCfg = Release|x64
		{3D829865-1A28-4F18-86B2-7355BB089788}.Release|x64.Build.0 = Release|x64
		{3D829865-1A28-4F18-86B2-7355BB089788}.Release|x86.ActiveCfg = Release|x86
		{3D829865-1A28-4F18-86B2-7355BB089788}.Release|x86.Build.0 = Release|x86
		{95ABBF1B-8044-4C90-AA3B-9D920974F14B}.Debug|Any CPU.ActiveCfg = Debug|Any CPU
		{95ABBF1B-8044-4C90-AA3B-9D920974F14B}.Debug|Any CPU.Build.0 = Debug|Any CPU
		{95ABBF1B-8044-4C90-AA3B-9D920974F14B}.Debug|x64.ActiveCfg = Debug|x64
		{95ABBF1B-8044-4C90-AA3B-9D920974F14B}.Debug|x64.Build.0 = Debug|x64
		{95ABBF1B-8044-4C90-AA3B-9D920974F14B}.Debug|x86.ActiveCfg = Debug|x86
		{95ABBF1B-8044-4C90-AA3B-9D920974F14B}.Debug|x86.Build.0 = Debug|x86
		{95ABBF1B-8044-4C90-AA3B-9D920974F14B}.Release|Any CPU.ActiveCfg = Release|Any CPU
		{95ABBF1B-8044-4C90-AA3B-9D920974F14B}.Release|Any CPU.Build.0 = Release|Any CPU
		{95ABBF1B-8044-4C90-AA3B-9D920974F14B}.Release|x64.ActiveCfg = Release|x64
		{95ABBF1B-8044-4C90-AA3B-9D920974F14B}.Release|x64.Build.0 = Release|x64
		{95ABBF1B-8044-4C90-AA3B-9D920974F14B}.Release|x86.ActiveCfg = Release|x86
		{95ABBF1B-8044-4C90-AA3B-9D920974F14B}.Release|x86.Build.0 = Release|x86
		{A5023D3D-4C54-44E9-BBD6-0FDE73075ECE}.Debug|Any CPU.ActiveCfg = Debug|Any CPU
		{A5023D3D-4C54-44E9-BBD6-0FDE73075ECE}.Debug|Any CPU.Build.0 = Debug|Any CPU
		{A5023D3D-4C54-44E9-BBD6-0FDE73075ECE}.Debug|x64.ActiveCfg = Debug|x64
		{A5023D3D-4C54-44E9-BBD6-0FDE73075ECE}.Debug|x64.Build.0 = Debug|x64
		{A5023D3D-4C54-44E9-BBD6-0FDE73075ECE}.Debug|x86.ActiveCfg = Debug|x86
		{A5023D3D-4C54-44E9-BBD6-0FDE73075ECE}.Debug|x86.Build.0 = Debug|x86
		{A5023D3D-4C54-44E9-BBD6-0FDE73075ECE}.Release|Any CPU.ActiveCfg = Release|Any CPU
		{A5023D3D-4C54-44E9-BBD6-0FDE73075ECE}.Release|Any CPU.Build.0 = Release|Any CPU
		{A5023D3D-4C54-44E9-BBD6-0FDE73075ECE}.Release|x64.ActiveCfg = Release|x64
		{A5023D3D-4C54-44E9-BBD6-0FDE73075ECE}.Release|x64.Build.0 = Release|x64
		{A5023D3D-4C54-44E9-BBD6-0FDE73075ECE}.Release|x86.ActiveCfg = Release|x86
		{A5023D3D-4C54-44E9-BBD6-0FDE73075ECE}.Release|x86.Build.0 = Release|x86
		{1667550F-A95A-46E6-839C-6917F357385E}.Debug|Any CPU.ActiveCfg = Debug|Any CPU
		{1667550F-A95A-46E6-839C-6917F357385E}.Debug|Any CPU.Build.0 = Debug|Any CPU
		{1667550F-A95A-46E6-839C-6917F357385E}.Debug|x64.ActiveCfg = Debug|x64
		{1667550F-A95A-46E6-839C-6917F357385E}.Debug|x64.Build.0 = Debug|x64
		{1667550F-A95A-46E6-839C-6917F357385E}.Debug|x86.ActiveCfg = Debug|x86
		{1667550F-A95A-46E6-839C-6917F357385E}.Debug|x86.Build.0 = Debug|x86
		{1667550F-A95A-46E6-839C-6917F357385E}.Release|Any CPU.ActiveCfg = Release|Any CPU
		{1667550F-A95A-46E6-839C-6917F357385E}.Release|Any CPU.Build.0 = Release|Any CPU
		{1667550F-A95A-46E6-839C-6917F357385E}.Release|x64.ActiveCfg = Release|x64
		{1667550F-A95A-46E6-839C-6917F357385E}.Release|x64.Build.0 = Release|x64
		{1667550F-A95A-46E6-839C-6917F357385E}.Release|x86.ActiveCfg = Release|x86
		{1667550F-A95A-46E6-839C-6917F357385E}.Release|x86.Build.0 = Release|x86
		{6FCD26F8-64F1-4316-8989-EBFFC0FA61E7}.Debug|Any CPU.ActiveCfg = Debug|Any CPU
		{6FCD26F8-64F1-4316-8989-EBFFC0FA61E7}.Debug|Any CPU.Build.0 = Debug|Any CPU
		{6FCD26F8-64F1-4316-8989-EBFFC0FA61E7}.Debug|x64.ActiveCfg = Debug|x64
		{6FCD26F8-64F1-4316-8989-EBFFC0FA61E7}.Debug|x64.Build.0 = Debug|x64
		{6FCD26F8-64F1-4316-8989-EBFFC0FA61E7}.Debug|x86.ActiveCfg = Debug|x86
		{6FCD26F8-64F1-4316-8989-EBFFC0FA61E7}.Debug|x86.Build.0 = Debug|x86
		{6FCD26F8-64F1-4316-8989-EBFFC0FA61E7}.Release|Any CPU.ActiveCfg = Release|Any CPU
		{6FCD26F8-64F1-4316-8989-EBFFC0FA61E7}.Release|Any CPU.Build.0 = Release|Any CPU
		{6FCD26F8-64F1-4316-8989-EBFFC0FA61E7}.Release|x64.ActiveCfg = Release|x64
		{6FCD26F8-64F1-4316-8989-EBFFC0FA61E7}.Release|x64.Build.0 = Release|x64
		{6FCD26F8-64F1-4316-8989-EBFFC0FA61E7}.Release|x86.ActiveCfg = Release|x86
		{6FCD26F8-64F1-4316-8989-EBFFC0FA61E7}.Release|x86.Build.0 = Release|x86
	EndGlobalSection
EndGlobal
